
Microsoft Visual Studio Solution File, Format Version 12.00
# Visual Studio 14
VisualStudioVersion = 14.0.24720.0
MinimumVisualStudioVersion = 10.0.40219.1
Project("{CC5FD16D-436D-48AD-A40C-5A424C6E3E79}") = "CoTFB", "CoTFB\CoTFB.ccproj", "{261713DF-3B81-44AC-9D73-33F0E97278F3}"
EndProject
Project("{FAE04EC0-301F-11D3-BF4B-00C04F79EFBC}") = "CoTFBWebRole", "CoTFBWebRole\CoTFBWebRole.csproj", "{04329462-A085-43AB-8C6B-5E33C1D669E8}"
EndProject
Global
	GlobalSection(SolutionConfigurationPlatforms) = preSolution
		Debug|Any CPU = Debug|Any CPU
		Release|Any CPU = Release|Any CPU
	EndGlobalSection
	GlobalSection(ProjectConfigurationPlatforms) = postSolution
		{261713DF-3B81-44AC-9D73-33F0E97278F3}.Debug|Any CPU.ActiveCfg = Debug|Any CPU
		{261713DF-3B81-44AC-9D73-33F0E97278F3}.Debug|Any CPU.Build.0 = Debug|Any CPU
		{261713DF-3B81-44AC-9D73-33F0E97278F3}.Release|Any CPU.ActiveCfg = Release|Any CPU
		{261713DF-3B81-44AC-9D73-33F0E97278F3}.Release|Any CPU.Build.0 = Release|Any CPU
		{04329462-A085-43AB-8C6B-5E33C1D669E8}.Debug|Any CPU.ActiveCfg = Debug|Any CPU
		{04329462-A085-43AB-8C6B-5E33C1D669E8}.Debug|Any CPU.Build.0 = Debug|Any CPU
		{04329462-A085-43AB-8C6B-5E33C1D669E8}.Release|Any CPU.ActiveCfg = Release|Any CPU
		{04329462-A085-43AB-8C6B-5E33C1D669E8}.Release|Any CPU.Build.0 = Release|Any CPU
	EndGlobalSection
	GlobalSection(SolutionProperties) = preSolution
		HideSolutionNode = FALSE
	EndGlobalSection
EndGlobal
